
Microsoft Visual Studio Solution File, Format Version 12.00
# Visual Studio 15
VisualStudioVersion = 15.0.28307.136
MinimumVisualStudioVersion = 10.0.40219.1
Project("{FAE04EC0-301F-11D3-BF4B-00C04F79EFBC}") = "FluentValidationCore", "FluentValidationCore\FluentValidationCore.csproj", "{BDC777DE-8981-4218-92CE-EDB9804D5048}"
EndProject
Global
	GlobalSection(SolutionConfigurationPlatforms) = preSolution
		Debug|Any CPU = Debug|Any CPU
		Release|Any CPU = Release|Any CPU
	EndGlobalSection
	GlobalSection(ProjectConfigurationPlatforms) = postSolution
		{BDC777DE-8981-4218-92CE-EDB9804D5048}.Debug|Any CPU.ActiveCfg = Debug|Any CPU
		{BDC777DE-8981-4218-92CE-EDB9804D5048}.Debug|Any CPU.Build.0 = Debug|Any CPU
		{BDC777DE-8981-4218-92CE-EDB9804D5048}.Release|Any CPU.ActiveCfg = Release|Any CPU
		{BDC777DE-8981-4218-92CE-EDB9804D5048}.Release|Any CPU.Build.0 = Release|Any CPU
	EndGlobalSection
	GlobalSection(SolutionProperties) = preSolution
		HideSolutionNode = FALSE
	EndGlobalSection
	GlobalSection(ExtensibilityGlobals) = postSolution
		SolutionGuid = {B9E4229B-FAAC-4647-923B-FC478CBA5F91}
	EndGlobalSection
EndGlobal
